// !$*UTF8*$!
{
	archiveVersion = 1;
	classes = {
	};
	objectVersion = 46;
	objects = {

/* Begin PBXBuildFile section */
		1899AB931533CA5F006739ED /* Foundation.framework in Frameworks */ = {isa = PBXBuildFile; fileRef = 1899AB921533CA5F006739ED /* Foundation.framework */; };
		1899AB961533CA5F006739ED /* main.m in Sources */ = {isa = PBXBuildFile; fileRef = 1899AB951533CA5F006739ED /* main.m */; };
		1899AB9A1533CA5F006739ED /* Challenge_15_1.1 in CopyFiles */ = {isa = PBXBuildFile; fileRef = 1899AB991533CA5F006739ED /* Challenge_15_1.1 */; };
/* End PBXBuildFile section */

/* Begin PBXCopyFilesBuildPhase section */
		1899AB8C1533CA5F006739ED /* CopyFiles */ = {
			isa = PBXCopyFilesBuildPhase;
			buildActionMask = 2147483647;
			dstPath = /usr/share/man/man1/;
			dstSubfolderSpec = 0;
			files = (
				1899AB9A1533CA5F006739ED /* Challenge_15_1.1 in CopyFiles */,
			);
			runOnlyForDeploymentPostprocessing = 1;
		};
/* End PBXCopyFilesBuildPhase section */

/* Begin PBXFileReference section */
		1899AB8E1533CA5F006739ED /* Challenge_15_1 */ = {isa = PBXFileReference; explicitFileType = "compiled.mach-o.executable"; includeInIndex = 0; path = Challenge_15_1; sourceTree = BUILT_PRODUCTS_DIR; };
		1899AB921533CA5F006739ED /* Foundation.framework */ = {isa = PBXFileReference; lastKnownFileType = wrapper.framework; name = Foundation.framework; path = System/Library/Frameworks/Foundation.framework; sourceTree = SDKROOT; };
		1899AB951533CA5F006739ED /* main.m */ = {isa = PBXFileReference; lastKnownFileType = sourcecode.c.objc; path = main.m; sourceTree = "<group>"; };
		1899AB981533CA5F006739ED /* Challenge_15_1-Prefix.pch */ = {isa = PBXFileReference; lastKnownFileType = sourcecode.c.h; path = "Challenge_15_1-Prefix.pch"; sourceTree = "<group>"; };
		1899AB991533CA5F006739ED /* Challenge_15_1.1 */ = {isa = PBXFileReference; lastKnownFileType = text.man; path = Challenge_15_1.1; sourceTree = "<group>"; };
/* End PBXFileReference section */

/* Begin PBXFrameworksBuildPhase section */
		1899AB8B1533CA5F006739ED /* Frameworks */ = {
			isa = PBXFrameworksBuildPhase;
			buildActionMask = 2147483647;
			files = (
				1899AB931533CA5F006739ED /* Foundation.framework in Frameworks */,
			);
			runOnlyForDeploymentPostprocessing = 0;
		};
/* End PBXFrameworksBuildPhase section */

/* Begin PBXGroup section */
		1899AB831533CA5F006739ED = {
			isa = PBXGroup;
			children = (
				1899AB941533CA5F006739ED /* Challenge_15_1 */,
				1899AB911533CA5F006739ED /* Frameworks */,
				1899AB8F1533CA5F006739ED /* Products */,
			);
			sourceTree = "<group>";
		};
		1899AB8F1533CA5F006739ED /* Products */ = {
			isa = PBXGroup;
			children = (
				1899AB8E1533CA5F006739ED /* Challenge_15_1 */,
			);
			name = Products;
			sourceTree = "<group>";
		};
		1899AB911533CA5F006739ED /* Frameworks */ = {
			isa = PBXGroup;
			children = (
				1899AB921533CA5F006739ED /* Foundation.framework */,
			);
			name = Frameworks;
			sourceTree = "<group>";
		};
		1899AB941533CA5F006739ED /* Challenge_15_1 */ = {
			isa = PBXGroup;
			children = (
				1899AB951533CA5F006739ED /* main.m */,
				1899AB991533CA5F006739ED /* Challenge_15_1.1 */,
				1899AB971533CA5F006739ED /* Supporting Files */,
			);
			path = Challenge_15_1;
			sourceTree = "<group>";
		};
		1899AB971533CA5F006739ED /* Supporting Files */ = {
			isa = PBXGroup;
			children = (
				1899AB981533CA5F006739ED /* Challenge_15_1-Prefix.pch */,
			);
			name = "Supporting Files";
			sourceTree = "<group>";
		};
/* End PBXGroup section */

/* Begin PBXNativeTarget section */
		1899AB8D1533CA5F006739ED /* Challenge_15_1 */ = {
			isa = PBXNativeTarget;
			buildConfigurationList = 1899AB9D1533CA5F006739ED /* Build configuration list for PBXNativeTarget "Challenge_15_1" */;
			buildPhases = (
				1899AB8A1533CA5F006739ED /* Sources */,
				1899AB8B1533CA5F006739ED /* Frameworks */,
				1899AB8C1533CA5F006739ED /* CopyFiles */,
			);
			buildRules = (
			);
			dependencies = (
			);
			name = Challenge_15_1;
			productName = Challenge_15_1;
			productReference = 1899AB8E1533CA5F006739ED /* Challenge_15_1 */;
			productType = "com.apple.product-type.tool";
		};
/* End PBXNativeTarget section */

/* Begin PBXProject section */
		1899AB851533CA5F006739ED /* Project object */ = {
			isa = PBXProject;
			attributes = {
				LastUpgradeCheck = 0420;
			};
			buildConfigurationList = 1899AB881533CA5F006739ED /* Build configuration list for PBXProject "Challenge_15_1" */;
			compatibilityVersion = "Xcode 3.2";
			developmentRegion = English;
			hasScannedForEncodings = 0;
			knownRegions = (
				en,
			);
			mainGroup = 1899AB831533CA5F006739ED;
			productRefGroup = 1899AB8F1533CA5F006739ED /* Products */;
			projectDirPath = "";
			projectRoot = "";
			targets = (
				1899AB8D1533CA5F006739ED /* Challenge_15_1 */,
			);
		};
/* End PBXProject section */

/* Begin PBXSourcesBuildPhase section */
		1899AB8A1533CA5F006739ED /* Sources */ = {
			isa = PBXSourcesBuildPhase;
			buildActionMask = 2147483647;
			files = (
				1899AB961533CA5F006739ED /* main.m in Sources */,
			);
			runOnlyForDeploymentPostprocessing = 0;
		};
/* End PBXSourcesBuildPhase section */

/* Begin XCBuildConfiguration section */
		1899AB9B1533CA5F006739ED /* Debug */ = {
			isa = XCBuildConfiguration;
			buildSettings = {
				ALWAYS_SEARCH_USER_PATHS = NO;
				ARCHS = "$(ARCHS_STANDARD_64_BIT)";
				COPY_PHASE_STRIP = NO;
				GCC_C_LANGUAGE_STANDARD = gnu99;
				GCC_DYNAMIC_NO_PIC = NO;
				GCC_ENABLE_OBJC_EXCEPTIONS = YES;
				GCC_OPTIMIZATION_LEVEL = 0;
				GCC_PREPROCESSOR_DEFINITIONS = (
					"DEBUG=1",
					"$(inherited)",
				);
				GCC_SYMBOLS_PRIVATE_EXTERN = NO;
				GCC_VERSION = com.apple.compilers.llvm.clang.1_0;
				GCC_WARN_64_TO_32_BIT_CONVERSION = YES;
				GCC_WARN_ABOUT_MISSING_PROTOTYPES = YES;
				GCC_WARN_ABOUT_RETURN_TYPE = YES;
				GCC_WARN_UNUSED_VARIABLE = YES;
				MACOSX_DEPLOYMENT_TARGET = 10.7;
				ONLY_ACTIVE_ARCH = YES;
				SDKROOT = macosx;
			};
			name = Debug;
		};
		1899AB9C1533CA5F006739ED /* Release */ = {
			isa = XCBuildConfiguration;
			buildSettings = {
				ALWAYS_SEARCH_USER_PATHS = NO;
				ARCHS = "$(ARCHS_STANDARD_64_BIT)";
				COPY_PHASE_STRIP = YES;
				DEBUG_INFORMATION_FORMAT = "dwarf-with-dsym";
				GCC_C_LANGUAGE_STANDARD = gnu99;
				GCC_ENABLE_OBJC_EXCEPTIONS = YES;
				GCC_VERSION = com.apple.compilers.llvm.clang.1_0;
				GCC_WARN_64_TO_32_BIT_CONVERSION = YES;
				GCC_WARN_ABOUT_MISSING_PROTOTYPES = YES;
				GCC_WARN_ABOUT_RETURN_TYPE = YES;
				GCC_WARN_UNUSED_VARIABLE = YES;
				MACOSX_DEPLOYMENT_TARGET = 10.7;
				SDKROOT = macosx;
			};
			name = Release;
		};
		1899AB9E1533CA5F006739ED /* Debug */ = {
			isa = XCBuildConfiguration;
			buildSettings = {
				GCC_PRECOMPILE_PREFIX_HEADER = YES;
				GCC_PREFIX_HEADER = "Challenge_15_1/Challenge_15_1-Prefix.pch";
				PRODUCT_NAME = "$(TARGET_NAME)";
			};
			name = Debug;
		};
		1899AB9F1533CA5F006739ED /* Release */ = {
			isa = XCBuildConfiguration;
			buildSettings = {
				GCC_PRECOMPILE_PREFIX_HEADER = YES;
				GCC_PREFIX_HEADER = "Challenge_15_1/Challenge_15_1-Prefix.pch";
				PRODUCT_NAME = "$(TARGET_NAME)";
			};
			name = Release;
		};
/* End XCBuildConfiguration section */

/* Begin XCConfigurationList section */
		1899AB881533CA5F006739ED /* Build configuration list for PBXProject "Challenge_15_1" */ = {
			isa = XCConfigurationList;
			buildConfigurations = (
				1899AB9B1533CA5F006739ED /* Debug */,
				1899AB9C1533CA5F006739ED /* Release */,
			);
			defaultConfigurationIsVisible = 0;
			defaultConfigurationName = Release;
		};
		1899AB9D1533CA5F006739ED /* Build configuration list for PBXNativeTarget "Challenge_15_1" */ = {
			isa = XCConfigurationList;
			buildConfigurations = (
				1899AB9E1533CA5F006739ED /* Debug */,
				1899AB9F1533CA5F006739ED /* Release */,
			);
			defaultConfigurationIsVisible = 0;
		};
/* End XCConfigurationList section */
	};
	rootObject = 1899AB851533CA5F006739ED /* Project object */;
}
