// !$*UTF8*$!
{
	archiveVersion = 1;
	classes = {
	};
	objectVersion = 46;
	objects = {

/* Begin PBXBuildFile section */
		18B2AD7C152547FE00133AEB /* main.c in Sources */ = {isa = PBXBuildFile; fileRef = 18B2AD7B152547FE00133AEB /* main.c */; };
		18B2AD7E152547FE00133AEB /* Math.1 in CopyFiles */ = {isa = PBXBuildFile; fileRef = 18B2AD7D152547FE00133AEB /* Math.1 */; };
/* End PBXBuildFile section */

/* Begin PBXCopyFilesBuildPhase section */
		18B2AD75152547FE00133AEB /* CopyFiles */ = {
			isa = PBXCopyFilesBuildPhase;
			buildActionMask = 2147483647;
			dstPath = /usr/share/man/man1/;
			dstSubfolderSpec = 0;
			files = (
				18B2AD7E152547FE00133AEB /* Math.1 in CopyFiles */,
			);
			runOnlyForDeploymentPostprocessing = 1;
		};
/* End PBXCopyFilesBuildPhase section */

/* Begin PBXFileReference section */
		18B2AD77152547FE00133AEB /* Math */ = {isa = PBXFileReference; explicitFileType = "compiled.mach-o.executable"; includeInIndex = 0; path = Math; sourceTree = BUILT_PRODUCTS_DIR; };
		18B2AD7B152547FE00133AEB /* main.c */ = {isa = PBXFileReference; lastKnownFileType = sourcecode.c.c; path = main.c; sourceTree = "<group>"; };
		18B2AD7D152547FE00133AEB /* Math.1 */ = {isa = PBXFileReference; lastKnownFileType = text.man; path = Math.1; sourceTree = "<group>"; };
/* End PBXFileReference section */

/* Begin PBXFrameworksBuildPhase section */
		18B2AD74152547FE00133AEB /* Frameworks */ = {
			isa = PBXFrameworksBuildPhase;
			buildActionMask = 2147483647;
			files = (
			);
			runOnlyForDeploymentPostprocessing = 0;
		};
/* End PBXFrameworksBuildPhase section */

/* Begin PBXGroup section */
		18B2AD6C152547FE00133AEB = {
			isa = PBXGroup;
			children = (
				18B2AD7A152547FE00133AEB /* Math */,
				18B2AD78152547FE00133AEB /* Products */,
			);
			sourceTree = "<group>";
		};
		18B2AD78152547FE00133AEB /* Products */ = {
			isa = PBXGroup;
			children = (
				18B2AD77152547FE00133AEB /* Math */,
			);
			name = Products;
			sourceTree = "<group>";
		};
		18B2AD7A152547FE00133AEB /* Math */ = {
			isa = PBXGroup;
			children = (
				18B2AD7B152547FE00133AEB /* main.c */,
				18B2AD7D152547FE00133AEB /* Math.1 */,
			);
			path = Math;
			sourceTree = "<group>";
		};
/* End PBXGroup section */

/* Begin PBXNativeTarget section */
		18B2AD76152547FE00133AEB /* Math */ = {
			isa = PBXNativeTarget;
			buildConfigurationList = 18B2AD81152547FE00133AEB /* Build configuration list for PBXNativeTarget "Math" */;
			buildPhases = (
				18B2AD73152547FE00133AEB /* Sources */,
				18B2AD74152547FE00133AEB /* Frameworks */,
				18B2AD75152547FE00133AEB /* CopyFiles */,
			);
			buildRules = (
			);
			dependencies = (
			);
			name = Math;
			productName = Math;
			productReference = 18B2AD77152547FE00133AEB /* Math */;
			productType = "com.apple.product-type.tool";
		};
/* End PBXNativeTarget section */

/* Begin PBXProject section */
		18B2AD6E152547FE00133AEB /* Project object */ = {
			isa = PBXProject;
			attributes = {
				LastUpgradeCheck = 0420;
			};
			buildConfigurationList = 18B2AD71152547FE00133AEB /* Build configuration list for PBXProject "Math" */;
			compatibilityVersion = "Xcode 3.2";
			developmentRegion = English;
			hasScannedForEncodings = 0;
			knownRegions = (
				en,
			);
			mainGroup = 18B2AD6C152547FE00133AEB;
			productRefGroup = 18B2AD78152547FE00133AEB /* Products */;
			projectDirPath = "";
			projectRoot = "";
			targets = (
				18B2AD76152547FE00133AEB /* Math */,
			);
		};
/* End PBXProject section */

/* Begin PBXSourcesBuildPhase section */
		18B2AD73152547FE00133AEB /* Sources */ = {
			isa = PBXSourcesBuildPhase;
			buildActionMask = 2147483647;
			files = (
				18B2AD7C152547FE00133AEB /* main.c in Sources */,
			);
			runOnlyForDeploymentPostprocessing = 0;
		};
/* End PBXSourcesBuildPhase section */

/* Begin XCBuildConfiguration section */
		18B2AD7F152547FE00133AEB /* Debug */ = {
			isa = XCBuildConfiguration;
			buildSettings = {
				ALWAYS_SEARCH_USER_PATHS = NO;
				ARCHS = "$(ARCHS_STANDARD_64_BIT)";
				COPY_PHASE_STRIP = NO;
				GCC_C_LANGUAGE_STANDARD = gnu99;
				GCC_DYNAMIC_NO_PIC = NO;
				GCC_ENABLE_OBJC_EXCEPTIONS = YES;
				GCC_OPTIMIZATION_LEVEL = 0;
				GCC_PREPROCESSOR_DEFINITIONS = (
					"DEBUG=1",
					"$(inherited)",
				);
				GCC_SYMBOLS_PRIVATE_EXTERN = NO;
				GCC_VERSION = com.apple.compilers.llvm.clang.1_0;
				GCC_WARN_64_TO_32_BIT_CONVERSION = YES;
				GCC_WARN_ABOUT_MISSING_PROTOTYPES = YES;
				GCC_WARN_ABOUT_RETURN_TYPE = YES;
				GCC_WARN_UNUSED_VARIABLE = YES;
				MACOSX_DEPLOYMENT_TARGET = 10.7;
				ONLY_ACTIVE_ARCH = YES;
				SDKROOT = macosx;
			};
			name = Debug;
		};
		18B2AD80152547FE00133AEB /* Release */ = {
			isa = XCBuildConfiguration;
			buildSettings = {
				ALWAYS_SEARCH_USER_PATHS = NO;
				ARCHS = "$(ARCHS_STANDARD_64_BIT)";
				COPY_PHASE_STRIP = YES;
				DEBUG_INFORMATION_FORMAT = "dwarf-with-dsym";
				GCC_C_LANGUAGE_STANDARD = gnu99;
				GCC_ENABLE_OBJC_EXCEPTIONS = YES;
				GCC_VERSION = com.apple.compilers.llvm.clang.1_0;
				GCC_WARN_64_TO_32_BIT_CONVERSION = YES;
				GCC_WARN_ABOUT_MISSING_PROTOTYPES = YES;
				GCC_WARN_ABOUT_RETURN_TYPE = YES;
				GCC_WARN_UNUSED_VARIABLE = YES;
				MACOSX_DEPLOYMENT_TARGET = 10.7;
				SDKROOT = macosx;
			};
			name = Release;
		};
		18B2AD82152547FE00133AEB /* Debug */ = {
			isa = XCBuildConfiguration;
			buildSettings = {
				PRODUCT_NAME = "$(TARGET_NAME)";
			};
			name = Debug;
		};
		18B2AD83152547FE00133AEB /* Release */ = {
			isa = XCBuildConfiguration;
			buildSettings = {
				PRODUCT_NAME = "$(TARGET_NAME)";
			};
			name = Release;
		};
/* End XCBuildConfiguration section */

/* Begin XCConfigurationList section */
		18B2AD71152547FE00133AEB /* Build configuration list for PBXProject "Math" */ = {
			isa = XCConfigurationList;
			buildConfigurations = (
				18B2AD7F152547FE00133AEB /* Debug */,
				18B2AD80152547FE00133AEB /* Release */,
			);
			defaultConfigurationIsVisible = 0;
			defaultConfigurationName = Release;
		};
		18B2AD81152547FE00133AEB /* Build configuration list for PBXNativeTarget "Math" */ = {
			isa = XCConfigurationList;
			buildConfigurations = (
				18B2AD82152547FE00133AEB /* Debug */,
				18B2AD83152547FE00133AEB /* Release */,
			);
			defaultConfigurationIsVisible = 0;
		};
/* End XCConfigurationList section */
	};
	rootObject = 18B2AD6E152547FE00133AEB /* Project object */;
}
